// !$*UTF8*$!
{
	archiveVersion = 1;
	classes = {
	};
	objectVersion = 51;
	objects = {

/* Begin PBXBuildFile section */
		1AE0BC292E87449799E52D46 /* Pods_YemeksepetiMovieDB.framework in Frameworks */ = {isa = PBXBuildFile; fileRef = 7DB9A2E41474CF49266B7646 /* Pods_YemeksepetiMovieDB.framework */; };
		1E7B94A4258E0A680087FC44 /* AppDelegate.swift in Sources */ = {isa = PBXBuildFile; fileRef = 1E7B94A3258E0A680087FC44 /* AppDelegate.swift */; };
		1E7B94A6258E0A680087FC44 /* SceneDelegate.swift in Sources */ = {isa = PBXBuildFile; fileRef = 1E7B94A5258E0A680087FC44 /* SceneDelegate.swift */; };
		1E7B94A8258E0A680087FC44 /* ViewController.swift in Sources */ = {isa = PBXBuildFile; fileRef = 1E7B94A7258E0A680087FC44 /* ViewController.swift */; };
		1E7B94AD258E0A6C0087FC44 /* Assets.xcassets in Resources */ = {isa = PBXBuildFile; fileRef = 1E7B94AC258E0A6C0087FC44 /* Assets.xcassets */; };
		1E7B94B0258E0A6C0087FC44 /* LaunchScreen.storyboard in Resources */ = {isa = PBXBuildFile; fileRef = 1E7B94AE258E0A6C0087FC44 /* LaunchScreen.storyboard */; };
		1E7B94BB258E0A6C0087FC44 /* YemeksepetiMovieDBTests.swift in Sources */ = {isa = PBXBuildFile; fileRef = 1E7B94BA258E0A6C0087FC44 /* YemeksepetiMovieDBTests.swift */; };
		1E7B94C6258E0A6C0087FC44 /* YemeksepetiMovieDBUITests.swift in Sources */ = {isa = PBXBuildFile; fileRef = 1E7B94C5258E0A6C0087FC44 /* YemeksepetiMovieDBUITests.swift */; };
		1E7B94E2258E0AF30087FC44 /* MovieCell.swift in Sources */ = {isa = PBXBuildFile; fileRef = 1E7B94E1258E0AF30087FC44 /* MovieCell.swift */; };
		1E7B94EC258E0B450087FC44 /* UIUtil.swift in Sources */ = {isa = PBXBuildFile; fileRef = 1E7B94EB258E0B450087FC44 /* UIUtil.swift */; };
		1E7B9503258E0BDB0087FC44 /* ApiClient.swift in Sources */ = {isa = PBXBuildFile; fileRef = 1E7B9502258E0BDB0087FC44 /* ApiClient.swift */; };
		1E7B950B258E0BF00087FC44 /* BaseEndpoint.swift in Sources */ = {isa = PBXBuildFile; fileRef = 1E7B950A258E0BF00087FC44 /* BaseEndpoint.swift */; };
		1E7B9510258E0C050087FC44 /* Endpoint.swift in Sources */ = {isa = PBXBuildFile; fileRef = 1E7B950F258E0C050087FC44 /* Endpoint.swift */; };
		1E7B9516258E0C670087FC44 /* MovieViewModel.swift in Sources */ = {isa = PBXBuildFile; fileRef = 1E7B9515258E0C670087FC44 /* MovieViewModel.swift */; };
		1E7B951C258E0C860087FC44 /* PopularMovieModel.swift in Sources */ = {isa = PBXBuildFile; fileRef = 1E7B951B258E0C860087FC44 /* PopularMovieModel.swift */; };
		1EAB6D32258E39B3009C2609 /* Loading.swift in Sources */ = {isa = PBXBuildFile; fileRef = 1EAB6D31258E39B3009C2609 /* Loading.swift */; };
		1EAB6D3A258E658C009C2609 /* Extension.swift in Sources */ = {isa = PBXBuildFile; fileRef = 1EAB6D39258E658C009C2609 /* Extension.swift */; };
		1EAB6D42258E7C96009C2609 /* DetailViewController.swift in Sources */ = {isa = PBXBuildFile; fileRef = 1EAB6D41258E7C96009C2609 /* DetailViewController.swift */; };
		1EAB6D48258E879A009C2609 /* MovieDetailModel.swift in Sources */ = {isa = PBXBuildFile; fileRef = 1EAB6D47258E879A009C2609 /* MovieDetailModel.swift */; };
		1EAB6D4D258E87F5009C2609 /* MovieDetailViewModel.swift in Sources */ = {isa = PBXBuildFile; fileRef = 1EAB6D4C258E87F5009C2609 /* MovieDetailViewModel.swift */; };
		1EAB6D52258E8AB0009C2609 /* IViewModel.swift in Sources */ = {isa = PBXBuildFile; fileRef = 1EAB6D51258E8AAF009C2609 /* IViewModel.swift */; };
		1EAB6D5E258EA6ED009C2609 /* MovieCreditsModel.swift in Sources */ = {isa = PBXBuildFile; fileRef = 1EAB6D5D258EA6ED009C2609 /* MovieCreditsModel.swift */; };
		ABED648B2A9419F85ABAFA45 /* Pods_YemeksepetiMovieDBTests.framework in Frameworks */ = {isa = PBXBuildFile; fileRef = 3529EC2C721E184C13E29FEE /* Pods_YemeksepetiMovieDBTests.framework */; };
		EB008E4F1F666A08DB1A444E /* Pods_YemeksepetiMovieDB_YemeksepetiMovieDBUITests.framework in Frameworks */ = {isa = PBXBuildFile; fileRef = 9326189E12B48232235AB8B6 /* Pods_YemeksepetiMovieDB_YemeksepetiMovieDBUITests.framework */; };
/* End PBXBuildFile section */

/* Begin PBXContainerItemProxy section */
		1E7B94B7258E0A6C0087FC44 /* PBXContainerItemProxy */ = {
			isa = PBXContainerItemProxy;
			containerPortal = 1E7B9498258E0A680087FC44 /* Project object */;
			proxyType = 1;
			remoteGlobalIDString = 1E7B949F258E0A680087FC44;
			remoteInfo = YemeksepetiMovieDB;
		};
		1E7B94C2258E0A6C0087FC44 /* PBXContainerItemProxy */ = {
			isa = PBXContainerItemProxy;
			containerPortal = 1E7B9498258E0A680087FC44 /* Project object */;
			proxyType = 1;
			remoteGlobalIDString = 1E7B949F258E0A680087FC44;
			remoteInfo = YemeksepetiMovieDB;
		};
/* End PBXContainerItemProxy section */

/* Begin PBXFileReference section */
		1E7B94A0258E0A680087FC44 /* YemeksepetiMovieDB.app */ = {isa = PBXFileReference; explicitFileType = wrapper.application; includeInIndex = 0; path = YemeksepetiMovieDB.app; sourceTree = BUILT_PRODUCTS_DIR; };
		1E7B94A3258E0A680087FC44 /* AppDelegate.swift */ = {isa = PBXFileReference; lastKnownFileType = sourcecode.swift; path = AppDelegate.swift; sourceTree = "<group>"; };
		1E7B94A5258E0A680087FC44 /* SceneDelegate.swift */ = {isa = PBXFileReference; lastKnownFileType = sourcecode.swift; path = SceneDelegate.swift; sourceTree = "<group>"; };
		1E7B94A7258E0A680087FC44 /* ViewController.swift */ = {isa = PBXFileReference; lastKnownFileType = sourcecode.swift; path = ViewController.swift; sourceTree = "<group>"; };
		1E7B94AC258E0A6C0087FC44 /* Assets.xcassets */ = {isa = PBXFileReference; lastKnownFileType = folder.assetcatalog; path = Assets.xcassets; sourceTree = "<group>"; };
		1E7B94AF258E0A6C0087FC44 /* Base */ = {isa = PBXFileReference; lastKnownFileType = file.storyboard; name = Base; path = Base.lproj/LaunchScreen.storyboard; sourceTree = "<group>"; };
		1E7B94B1258E0A6C0087FC44 /* Info.plist */ = {isa = PBXFileReference; lastKnownFileType = text.plist.xml; path = Info.plist; sourceTree = "<group>"; };
		1E7B94B6258E0A6C0087FC44 /* YemeksepetiMovieDBTests.xctest */ = {isa = PBXFileReference; explicitFileType = wrapper.cfbundle; includeInIndex = 0; path = YemeksepetiMovieDBTests.xctest; sourceTree = BUILT_PRODUCTS_DIR; };
		1E7B94BA258E0A6C0087FC44 /* YemeksepetiMovieDBTests.swift */ = {isa = PBXFileReference; lastKnownFileType = sourcecode.swift; path = YemeksepetiMovieDBTests.swift; sourceTree = "<group>"; };
		1E7B94BC258E0A6C0087FC44 /* Info.plist */ = {isa = PBXFileReference; lastKnownFileType = text.plist.xml; path = Info.plist; sourceTree = "<group>"; };
		1E7B94C1258E0A6C0087FC44 /* YemeksepetiMovieDBUITests.xctest */ = {isa = PBXFileReference; explicitFileType = wrapper.cfbundle; includeInIndex = 0; path = YemeksepetiMovieDBUITests.xctest; sourceTree = BUILT_PRODUCTS_DIR; };
		1E7B94C5258E0A6C0087FC44 /* YemeksepetiMovieDBUITests.swift */ = {isa = PBXFileReference; lastKnownFileType = sourcecode.swift; path = YemeksepetiMovieDBUITests.swift; sourceTree = "<group>"; };
		1E7B94C7258E0A6C0087FC44 /* Info.plist */ = {isa = PBXFileReference; lastKnownFileType = text.plist.xml; path = Info.plist; sourceTree = "<group>"; };
		1E7B94E1258E0AF30087FC44 /* MovieCell.swift */ = {isa = PBXFileReference; lastKnownFileType = sourcecode.swift; path = MovieCell.swift; sourceTree = "<group>"; };
		1E7B94EB258E0B450087FC44 /* UIUtil.swift */ = {isa = PBXFileReference; lastKnownFileType = sourcecode.swift; path = UIUtil.swift; sourceTree = "<group>"; };
		1E7B9502258E0BDB0087FC44 /* ApiClient.swift */ = {isa = PBXFileReference; lastKnownFileType = sourcecode.swift; path = ApiClient.swift; sourceTree = "<group>"; };
		1E7B950A258E0BF00087FC44 /* BaseEndpoint.swift */ = {isa = PBXFileReference; lastKnownFileType = sourcecode.swift; path = BaseEndpoint.swift; sourceTree = "<group>"; };
		1E7B950F258E0C050087FC44 /* Endpoint.swift */ = {isa = PBXFileReference; lastKnownFileType = sourcecode.swift; path = Endpoint.swift; sourceTree = "<group>"; };
		1E7B9515258E0C670087FC44 /* MovieViewModel.swift */ = {isa = PBXFileReference; lastKnownFileType = sourcecode.swift; path = MovieViewModel.swift; sourceTree = "<group>"; };
		1E7B951B258E0C860087FC44 /* PopularMovieModel.swift */ = {isa = PBXFileReference; lastKnownFileType = sourcecode.swift; path = PopularMovieModel.swift; sourceTree = "<group>"; };
		1EAB6D31258E39B3009C2609 /* Loading.swift */ = {isa = PBXFileReference; lastKnownFileType = sourcecode.swift; path = Loading.swift; sourceTree = "<group>"; };
		1EAB6D39258E658C009C2609 /* Extension.swift */ = {isa = PBXFileReference; lastKnownFileType = sourcecode.swift; path = Extension.swift; sourceTree = "<group>"; };
		1EAB6D41258E7C96009C2609 /* DetailViewController.swift */ = {isa = PBXFileReference; lastKnownFileType = sourcecode.swift; path = DetailViewController.swift; sourceTree = "<group>"; };
		1EAB6D47258E879A009C2609 /* MovieDetailModel.swift */ = {isa = PBXFileReference; lastKnownFileType = sourcecode.swift; path = MovieDetailModel.swift; sourceTree = "<group>"; };
		1EAB6D4C258E87F5009C2609 /* MovieDetailViewModel.swift */ = {isa = PBXFileReference; lastKnownFileType = sourcecode.swift; path = MovieDetailViewModel.swift; sourceTree = "<group>"; };
		1EAB6D51258E8AAF009C2609 /* IViewModel.swift */ = {isa = PBXFileReference; lastKnownFileType = sourcecode.swift; path = IViewModel.swift; sourceTree = "<group>"; };
		1EAB6D5D258EA6ED009C2609 /* MovieCreditsModel.swift */ = {isa = PBXFileReference; lastKnownFileType = sourcecode.swift; path = MovieCreditsModel.swift; sourceTree = "<group>"; };
		3529EC2C721E184C13E29FEE /* Pods_YemeksepetiMovieDBTests.framework */ = {isa = PBXFileReference; explicitFileType = wrapper.framework; includeInIndex = 0; path = Pods_YemeksepetiMovieDBTests.framework; sourceTree = BUILT_PRODUCTS_DIR; };
		63E24AB84F3CB38D8071CB0F /* Pods-YemeksepetiMovieDBTests.release.xcconfig */ = {isa = PBXFileReference; includeInIndex = 1; lastKnownFileType = text.xcconfig; name = "Pods-YemeksepetiMovieDBTests.release.xcconfig"; path = "Target Support Files/Pods-YemeksepetiMovieDBTests/Pods-YemeksepetiMovieDBTests.release.xcconfig"; sourceTree = "<group>"; };
		640533545740C4A3DB386397 /* Pods-YemeksepetiMovieDB.debug.xcconfig */ = {isa = PBXFileReference; includeInIndex = 1; lastKnownFileType = text.xcconfig; name = "Pods-YemeksepetiMovieDB.debug.xcconfig"; path = "Target Support Files/Pods-YemeksepetiMovieDB/Pods-YemeksepetiMovieDB.debug.xcconfig"; sourceTree = "<group>"; };
		7342265DD9ECBE7A77C9153A /* Pods-YemeksepetiMovieDBTests.debug.xcconfig */ = {isa = PBXFileReference; includeInIndex = 1; lastKnownFileType = text.xcconfig; name = "Pods-YemeksepetiMovieDBTests.debug.xcconfig"; path = "Target Support Files/Pods-YemeksepetiMovieDBTests/Pods-YemeksepetiMovieDBTests.debug.xcconfig"; sourceTree = "<group>"; };
		7DB9A2E41474CF49266B7646 /* Pods_YemeksepetiMovieDB.framework */ = {isa = PBXFileReference; explicitFileType = wrapper.framework; includeInIndex = 0; path = Pods_YemeksepetiMovieDB.framework; sourceTree = BUILT_PRODUCTS_DIR; };
		9326189E12B48232235AB8B6 /* Pods_YemeksepetiMovieDB_YemeksepetiMovieDBUITests.framework */ = {isa = PBXFileReference; explicitFileType = wrapper.framework; includeInIndex = 0; path = Pods_YemeksepetiMovieDB_YemeksepetiMovieDBUITests.framework; sourceTree = BUILT_PRODUCTS_DIR; };
		BDFA3A7F102367FA535F9623 /* Pods-YemeksepetiMovieDB-YemeksepetiMovieDBUITests.release.xcconfig */ = {isa = PBXFileReference; includeInIndex = 1; lastKnownFileType = text.xcconfig; name = "Pods-YemeksepetiMovieDB-YemeksepetiMovieDBUITests.release.xcconfig"; path = "Target Support Files/Pods-YemeksepetiMovieDB-YemeksepetiMovieDBUITests/Pods-YemeksepetiMovieDB-YemeksepetiMovieDBUITests.release.xcconfig"; sourceTree = "<group>"; };
		BF30B2AAAB1470DBD7143016 /* Pods-YemeksepetiMovieDB-YemeksepetiMovieDBUITests.debug.xcconfig */ = {isa = PBXFileReference; includeInIndex = 1; lastKnownFileType = text.xcconfig; name = "Pods-YemeksepetiMovieDB-YemeksepetiMovieDBUITests.debug.xcconfig"; path = "Target Support Files/Pods-YemeksepetiMovieDB-YemeksepetiMovieDBUITests/Pods-YemeksepetiMovieDB-YemeksepetiMovieDBUITests.debug.xcconfig"; sourceTree = "<group>"; };
		F98540C60098A697E0EF6BFB /* Pods-YemeksepetiMovieDB.release.xcconfig */ = {isa = PBXFileReference; includeInIndex = 1; lastKnownFileType = text.xcconfig; name = "Pods-YemeksepetiMovieDB.release.xcconfig"; path = "Target Support Files/Pods-YemeksepetiMovieDB/Pods-YemeksepetiMovieDB.release.xcconfig"; sourceTree = "<group>"; };
/* End PBXFileReference section */

/* Begin PBXFrameworksBuildPhase section */
		1E7B949D258E0A680087FC44 /* Frameworks */ = {
			isa = PBXFrameworksBuildPhase;
			buildActionMask = 2147483647;
			files = (
				1AE0BC292E87449799E52D46 /* Pods_YemeksepetiMovieDB.framework in Frameworks */,
			);
			runOnlyForDeploymentPostprocessing = 0;
		};
		1E7B94B3258E0A6C0087FC44 /* Frameworks */ = {
			isa = PBXFrameworksBuildPhase;
			buildActionMask = 2147483647;
			files = (
				ABED648B2A9419F85ABAFA45 /* Pods_YemeksepetiMovieDBTests.framework in Frameworks */,
			);
			runOnlyForDeploymentPostprocessing = 0;
		};
		1E7B94BE258E0A6C0087FC44 /* Frameworks */ = {
			isa = PBXFrameworksBuildPhase;
			buildActionMask = 2147483647;
			files = (
				EB008E4F1F666A08DB1A444E /* Pods_YemeksepetiMovieDB_YemeksepetiMovieDBUITests.framework in Frameworks */,
			);
			runOnlyForDeploymentPostprocessing = 0;
		};
/* End PBXFrameworksBuildPhase section */

/* Begin PBXGroup section */
		1E7B9497258E0A680087FC44 = {
			isa = PBXGroup;
			children = (
				1E7B94A2258E0A680087FC44 /* YemeksepetiMovieDB */,
				1E7B94B9258E0A6C0087FC44 /* YemeksepetiMovieDBTests */,
				1E7B94C4258E0A6C0087FC44 /* YemeksepetiMovieDBUITests */,
				1E7B94A1258E0A680087FC44 /* Products */,
				4776F1C42D2180F6E49221FD /* Pods */,
				2045464483CCE3147902B074 /* Frameworks */,
			);
			sourceTree = "<group>";
		};
		1E7B94A1258E0A680087FC44 /* Products */ = {
			isa = PBXGroup;
			children = (
				1E7B94A0258E0A680087FC44 /* YemeksepetiMovieDB.app */,
				1E7B94B6258E0A6C0087FC44 /* YemeksepetiMovieDBTests.xctest */,
				1E7B94C1258E0A6C0087FC44 /* YemeksepetiMovieDBUITests.xctest */,
			);
			name = Products;
			sourceTree = "<group>";
		};
		1E7B94A2258E0A680087FC44 /* YemeksepetiMovieDB */ = {
			isa = PBXGroup;
			children = (
				1E7B951A258E0C780087FC44 /* Model */,
				1E7B9514258E0C590087FC44 /* ViewModel */,
				1E7B9501258E0BCF0087FC44 /* ApiClient */,
				1E7B94EA258E0B3C0087FC44 /* Common */,
				1E7B94E9258E0B170087FC44 /* ViewController */,
				1E7B94E0258E0AE60087FC44 /* Cell */,
				1E7B94DF258E0ADE0087FC44 /* Resources */,
				1E7B94AE258E0A6C0087FC44 /* LaunchScreen.storyboard */,
				1E7B94B1258E0A6C0087FC44 /* Info.plist */,
				1EAB6D39258E658C009C2609 /* Extension.swift */,
			);
			path = YemeksepetiMovieDB;
			sourceTree = "<group>";
		};
		1E7B94B9258E0A6C0087FC44 /* YemeksepetiMovieDBTests */ = {
			isa = PBXGroup;
			children = (
				1E7B94BA258E0A6C0087FC44 /* YemeksepetiMovieDBTests.swift */,
				1E7B94BC258E0A6C0087FC44 /* Info.plist */,
			);
			path = YemeksepetiMovieDBTests;
			sourceTree = "<group>";
		};
		1E7B94C4258E0A6C0087FC44 /* YemeksepetiMovieDBUITests */ = {
			isa = PBXGroup;
			children = (
				1E7B94C5258E0A6C0087FC44 /* YemeksepetiMovieDBUITests.swift */,
				1E7B94C7258E0A6C0087FC44 /* Info.plist */,
			);
			path = YemeksepetiMovieDBUITests;
			sourceTree = "<group>";
		};
		1E7B94DF258E0ADE0087FC44 /* Resources */ = {
			isa = PBXGroup;
			children = (
				1E7B94AC258E0A6C0087FC44 /* Assets.xcassets */,
				1E7B94A3258E0A680087FC44 /* AppDelegate.swift */,
				1E7B94A5258E0A680087FC44 /* SceneDelegate.swift */,
			);
			path = Resources;
			sourceTree = "<group>";
		};
		1E7B94E0258E0AE60087FC44 /* Cell */ = {
			isa = PBXGroup;
			children = (
				1E7B94E1258E0AF30087FC44 /* MovieCell.swift */,
			);
			path = Cell;
			sourceTree = "<group>";
		};
		1E7B94E9258E0B170087FC44 /* ViewController */ = {
			isa = PBXGroup;
			children = (
				1E7B94A7258E0A680087FC44 /* ViewController.swift */,
				1EAB6D41258E7C96009C2609 /* DetailViewController.swift */,
			);
			path = ViewController;
			sourceTree = "<group>";
		};
		1E7B94EA258E0B3C0087FC44 /* Common */ = {
			isa = PBXGroup;
			children = (
				1E7B94F3258E0B570087FC44 /* Loading */,
				1E7B94EB258E0B450087FC44 /* UIUtil.swift */,
				1EAB6D31258E39B3009C2609 /* Loading.swift */,
			);
			path = Common;
			sourceTree = "<group>";
		};
		1E7B94F3258E0B570087FC44 /* Loading */ = {
			isa = PBXGroup;
			children = (
			);
			path = Loading;
			sourceTree = "<group>";
		};
		1E7B9501258E0BCF0087FC44 /* ApiClient */ = {
			isa = PBXGroup;
			children = (
				1E7B9502258E0BDB0087FC44 /* ApiClient.swift */,
				1E7B950A258E0BF00087FC44 /* BaseEndpoint.swift */,
				1E7B950F258E0C050087FC44 /* Endpoint.swift */,
			);
			path = ApiClient;
			sourceTree = "<group>";
		};
		1E7B9514258E0C590087FC44 /* ViewModel */ = {
			isa = PBXGroup;
			children = (
				1E7B9515258E0C670087FC44 /* MovieViewModel.swift */,
				1EAB6D4C258E87F5009C2609 /* MovieDetailViewModel.swift */,
				1EAB6D51258E8AAF009C2609 /* IViewModel.swift */,
			);
			path = ViewModel;
			sourceTree = "<group>";
		};
		1E7B951A258E0C780087FC44 /* Model */ = {
			isa = PBXGroup;
			children = (
				1E7B951B258E0C860087FC44 /* PopularMovieModel.swift */,
				1EAB6D47258E879A009C2609 /* MovieDetailModel.swift */,
				1EAB6D5D258EA6ED009C2609 /* MovieCreditsModel.swift */,
			);
			path = Model;
			sourceTree = "<group>";
		};
		2045464483CCE3147902B074 /* Frameworks */ = {
			isa = PBXGroup;
			children = (
				7DB9A2E41474CF49266B7646 /* Pods_YemeksepetiMovieDB.framework */,
				9326189E12B48232235AB8B6 /* Pods_YemeksepetiMovieDB_YemeksepetiMovieDBUITests.framework */,
				3529EC2C721E184C13E29FEE /* Pods_YemeksepetiMovieDBTests.framework */,
			);
			name = Frameworks;
			sourceTree = "<group>";
		};
		4776F1C42D2180F6E49221FD /* Pods */ = {
			isa = PBXGroup;
			children = (
				640533545740C4A3DB386397 /* Pods-YemeksepetiMovieDB.debug.xcconfig */,
				F98540C60098A697E0EF6BFB /* Pods-YemeksepetiMovieDB.release.xcconfig */,
				BF30B2AAAB1470DBD7143016 /* Pods-YemeksepetiMovieDB-YemeksepetiMovieDBUITests.debug.xcconfig */,
				BDFA3A7F102367FA535F9623 /* Pods-YemeksepetiMovieDB-YemeksepetiMovieDBUITests.release.xcconfig */,
				7342265DD9ECBE7A77C9153A /* Pods-YemeksepetiMovieDBTests.debug.xcconfig */,
				63E24AB84F3CB38D8071CB0F /* Pods-YemeksepetiMovieDBTests.release.xcconfig */,
			);
			path = Pods;
			sourceTree = "<group>";
		};
/* End PBXGroup section */

/* Begin PBXNativeTarget section */
		1E7B949F258E0A680087FC44 /* YemeksepetiMovieDB */ = {
			isa = PBXNativeTarget;
			buildConfigurationList = 1E7B94CA258E0A6C0087FC44 /* Build configuration list for PBXNativeTarget "YemeksepetiMovieDB" */;
			buildPhases = (
				F3A76901FD5BF593F13CE2B6 /* [CP] Check Pods Manifest.lock */,
				1E7B949C258E0A680087FC44 /* Sources */,
				1E7B949D258E0A680087FC44 /* Frameworks */,
				1E7B949E258E0A680087FC44 /* Resources */,
				D96CE21A072CE9E7BC57AE87 /* [CP] Embed Pods Frameworks */,
			);
			buildRules = (
			);
			dependencies = (
			);
			name = YemeksepetiMovieDB;
			productName = YemeksepetiMovieDB;
			productReference = 1E7B94A0258E0A680087FC44 /* YemeksepetiMovieDB.app */;
			productType = "com.apple.product-type.application";
		};
		1E7B94B5258E0A6C0087FC44 /* YemeksepetiMovieDBTests */ = {
			isa = PBXNativeTarget;
			buildConfigurationList = 1E7B94CD258E0A6C0087FC44 /* Build configuration list for PBXNativeTarget "YemeksepetiMovieDBTests" */;
			buildPhases = (
				E3B44DAD3A52ED7B81F5B265 /* [CP] Check Pods Manifest.lock */,
				1E7B94B2258E0A6C0087FC44 /* Sources */,
				1E7B94B3258E0A6C0087FC44 /* Frameworks */,
				1E7B94B4258E0A6C0087FC44 /* Resources */,
			);
			buildRules = (
			);
			dependencies = (
				1E7B94B8258E0A6C0087FC44 /* PBXTargetDependency */,
			);
			name = YemeksepetiMovieDBTests;
			productName = YemeksepetiMovieDBTests;
			productReference = 1E7B94B6258E0A6C0087FC44 /* YemeksepetiMovieDBTests.xctest */;
			productType = "com.apple.product-type.bundle.unit-test";
		};
		1E7B94C0258E0A6C0087FC44 /* YemeksepetiMovieDBUITests */ = {
			isa = PBXNativeTarget;
			buildConfigurationList = 1E7B94D0258E0A6C0087FC44 /* Build configuration list for PBXNativeTarget "YemeksepetiMovieDBUITests" */;
			buildPhases = (
				EDE9EA9D877719F63B513100 /* [CP] Check Pods Manifest.lock */,
				1E7B94BD258E0A6C0087FC44 /* Sources */,
				1E7B94BE258E0A6C0087FC44 /* Frameworks */,
				1E7B94BF258E0A6C0087FC44 /* Resources */,
				867BA5E92316BC56C90AD068 /* [CP] Embed Pods Frameworks */,
			);
			buildRules = (
			);
			dependencies = (
				1E7B94C3258E0A6C0087FC44 /* PBXTargetDependency */,
			);
			name = YemeksepetiMovieDBUITests;
			productName = YemeksepetiMovieDBUITests;
			productReference = 1E7B94C1258E0A6C0087FC44 /* YemeksepetiMovieDBUITests.xctest */;
			productType = "com.apple.product-type.bundle.ui-testing";
		};
/* End PBXNativeTarget section */

/* Begin PBXProject section */
		1E7B9498258E0A680087FC44 /* Project object */ = {
			isa = PBXProject;
			attributes = {
				LastSwiftUpdateCheck = 1200;
				LastUpgradeCheck = 1200;
				TargetAttributes = {
					1E7B949F258E0A680087FC44 = {
						CreatedOnToolsVersion = 12.0.1;
					};
					1E7B94B5258E0A6C0087FC44 = {
						CreatedOnToolsVersion = 12.0.1;
						TestTargetID = 1E7B949F258E0A680087FC44;
					};
					1E7B94C0258E0A6C0087FC44 = {
						CreatedOnToolsVersion = 12.0.1;
						TestTargetID = 1E7B949F258E0A680087FC44;
					};
				};
			};
			buildConfigurationList = 1E7B949B258E0A680087FC44 /* Build configuration list for PBXProject "YemeksepetiMovieDB" */;
			compatibilityVersion = "Xcode 9.3";
			developmentRegion = en;
			hasScannedForEncodings = 0;
			knownRegions = (
				en,
				Base,
			);
			mainGroup = 1E7B9497258E0A680087FC44;
			productRefGroup = 1E7B94A1258E0A680087FC44 /* Products */;
			projectDirPath = "";
			projectRoot = "";
			targets = (
				1E7B949F258E0A680087FC44 /* YemeksepetiMovieDB */,
				1E7B94B5258E0A6C0087FC44 /* YemeksepetiMovieDBTests */,
				1E7B94C0258E0A6C0087FC44 /* YemeksepetiMovieDBUITests */,
			);
		};
/* End PBXProject section */

/* Begin PBXResourcesBuildPhase section */
		1E7B949E258E0A680087FC44 /* Resources */ = {
			isa = PBXResourcesBuildPhase;
			buildActionMask = 2147483647;
			files = (
				1E7B94B0258E0A6C0087FC44 /* LaunchScreen.storyboard in Resources */,
				1E7B94AD258E0A6C0087FC44 /* Assets.xcassets in Resources */,
			);
			runOnlyForDeploymentPostprocessing = 0;
		};
		1E7B94B4258E0A6C0087FC44 /* Resources */ = {
			isa = PBXResourcesBuildPhase;
			buildActionMask = 2147483647;
			files = (
			);
			runOnlyForDeploymentPostprocessing = 0;
		};
		1E7B94BF258E0A6C0087FC44 /* Resources */ = {
			isa = PBXResourcesBuildPhase;
			buildActionMask = 2147483647;
			files = (
			);
			runOnlyForDeploymentPostprocessing = 0;
		};
/* End PBXResourcesBuildPhase section */

/* Begin PBXShellScriptBuildPhase section */
		867BA5E92316BC56C90AD068 /* [CP] Embed Pods Frameworks */ = {
			isa = PBXShellScriptBuildPhase;
			buildActionMask = 2147483647;
			files = (
			);
			inputFileListPaths = (
				"${PODS_ROOT}/Target Support Files/Pods-YemeksepetiMovieDB-YemeksepetiMovieDBUITests/Pods-YemeksepetiMovieDB-YemeksepetiMovieDBUITests-frameworks-${CONFIGURATION}-input-files.xcfilelist",
			);
			name = "[CP] Embed Pods Frameworks";
			outputFileListPaths = (
				"${PODS_ROOT}/Target Support Files/Pods-YemeksepetiMovieDB-YemeksepetiMovieDBUITests/Pods-YemeksepetiMovieDB-YemeksepetiMovieDBUITests-frameworks-${CONFIGURATION}-output-files.xcfilelist",
			);
			runOnlyForDeploymentPostprocessing = 0;
			shellPath = /bin/sh;
			shellScript = "\"${PODS_ROOT}/Target Support Files/Pods-YemeksepetiMovieDB-YemeksepetiMovieDBUITests/Pods-YemeksepetiMovieDB-YemeksepetiMovieDBUITests-frameworks.sh\"\n";
			showEnvVarsInLog = 0;
		};
		D96CE21A072CE9E7BC57AE87 /* [CP] Embed Pods Frameworks */ = {
			isa = PBXShellScriptBuildPhase;
			buildActionMask = 2147483647;
			files = (
			);
			inputFileListPaths = (
				"${PODS_ROOT}/Target Support Files/Pods-YemeksepetiMovieDB/Pods-YemeksepetiMovieDB-frameworks-${CONFIGURATION}-input-files.xcfilelist",
			);
			name = "[CP] Embed Pods Frameworks";
			outputFileListPaths = (
				"${PODS_ROOT}/Target Support Files/Pods-YemeksepetiMovieDB/Pods-YemeksepetiMovieDB-frameworks-${CONFIGURATION}-output-files.xcfilelist",
			);
			runOnlyForDeploymentPostprocessing = 0;
			shellPath = /bin/sh;
			shellScript = "\"${PODS_ROOT}/Target Support Files/Pods-YemeksepetiMovieDB/Pods-YemeksepetiMovieDB-frameworks.sh\"\n";
			showEnvVarsInLog = 0;
		};
		E3B44DAD3A52ED7B81F5B265 /* [CP] Check Pods Manifest.lock */ = {
			isa = PBXShellScriptBuildPhase;
			buildActionMask = 2147483647;
			files = (
			);
			inputFileListPaths = (
			);
			inputPaths = (
				"${PODS_PODFILE_DIR_PATH}/Podfile.lock",
				"${PODS_ROOT}/Manifest.lock",
			);
			name = "[CP] Check Pods Manifest.lock";
			outputFileListPaths = (
			);
			outputPaths = (
				"$(DERIVED_FILE_DIR)/Pods-YemeksepetiMovieDBTests-checkManifestLockResult.txt",
			);
			runOnlyForDeploymentPostprocessing = 0;
			shellPath = /bin/sh;
			shellScript = "diff \"${PODS_PODFILE_DIR_PATH}/Podfile.lock\" \"${PODS_ROOT}/Manifest.lock\" > /dev/null\nif [ $? != 0 ] ; then\n    # print error to STDERR\n    echo \"error: The sandbox is not in sync with the Podfile.lock. Run 'pod install' or update your CocoaPods installation.\" >&2\n    exit 1\nfi\n# This output is used by Xcode 'outputs' to avoid re-running this script phase.\necho \"SUCCESS\" > \"${SCRIPT_OUTPUT_FILE_0}\"\n";
			showEnvVarsInLog = 0;
		};
		EDE9EA9D877719F63B513100 /* [CP] Check Pods Manifest.lock */ = {
			isa = PBXShellScriptBuildPhase;
			buildActionMask = 2147483647;
			files = (
			);
			inputFileListPaths = (
			);
			inputPaths = (
				"${PODS_PODFILE_DIR_PATH}/Podfile.lock",
				"${PODS_ROOT}/Manifest.lock",
			);
			name = "[CP] Check Pods Manifest.lock";
			outputFileListPaths = (
			);
			outputPaths = (
				"$(DERIVED_FILE_DIR)/Pods-YemeksepetiMovieDB-YemeksepetiMovieDBUITests-checkManifestLockResult.txt",
			);
			runOnlyForDeploymentPostprocessing = 0;
			shellPath = /bin/sh;
			shellScript = "diff \"${PODS_PODFILE_DIR_PATH}/Podfile.lock\" \"${PODS_ROOT}/Manifest.lock\" > /dev/null\nif [ $? != 0 ] ; then\n    # print error to STDERR\n    echo \"error: The sandbox is not in sync with the Podfile.lock. Run 'pod install' or update your CocoaPods installation.\" >&2\n    exit 1\nfi\n# This output is used by Xcode 'outputs' to avoid re-running this script phase.\necho \"SUCCESS\" > \"${SCRIPT_OUTPUT_FILE_0}\"\n";
			showEnvVarsInLog = 0;
		};
		F3A76901FD5BF593F13CE2B6 /* [CP] Check Pods Manifest.lock */ = {
			isa = PBXShellScriptBuildPhase;
			buildActionMask = 2147483647;
			files = (
			);
			inputFileListPaths = (
			);
			inputPaths = (
				"${PODS_PODFILE_DIR_PATH}/Podfile.lock",
				"${PODS_ROOT}/Manifest.lock",
			);
			name = "[CP] Check Pods Manifest.lock";
			outputFileListPaths = (
			);
			outputPaths = (
				"$(DERIVED_FILE_DIR)/Pods-YemeksepetiMovieDB-checkManifestLockResult.txt",
			);
			runOnlyForDeploymentPostprocessing = 0;
			shellPath = /bin/sh;
			shellScript = "diff \"${PODS_PODFILE_DIR_PATH}/Podfile.lock\" \"${PODS_ROOT}/Manifest.lock\" > /dev/null\nif [ $? != 0 ] ; then\n    # print error to STDERR\n    echo \"error: The sandbox is not in sync with the Podfile.lock. Run 'pod install' or update your CocoaPods installation.\" >&2\n    exit 1\nfi\n# This output is used by Xcode 'outputs' to avoid re-running this script phase.\necho \"SUCCESS\" > \"${SCRIPT_OUTPUT_FILE_0}\"\n";
			showEnvVarsInLog = 0;
		};
/* End PBXShellScriptBuildPhase section */

/* Begin PBXSourcesBuildPhase section */
		1E7B949C258E0A680087FC44 /* Sources */ = {
			isa = PBXSourcesBuildPhase;
			buildActionMask = 2147483647;
			files = (
				1EAB6D52258E8AB0009C2609 /* IViewModel.swift in Sources */,
				1EAB6D42258E7C96009C2609 /* DetailViewController.swift in Sources */,
				1E7B9503258E0BDB0087FC44 /* ApiClient.swift in Sources */,
				1E7B9516258E0C670087FC44 /* MovieViewModel.swift in Sources */,
				1E7B9510258E0C050087FC44 /* Endpoint.swift in Sources */,
				1E7B950B258E0BF00087FC44 /* BaseEndpoint.swift in Sources */,
				1E7B94A8258E0A680087FC44 /* ViewController.swift in Sources */,
				1E7B94A4258E0A680087FC44 /* AppDelegate.swift in Sources */,
				1E7B94E2258E0AF30087FC44 /* MovieCell.swift in Sources */,
				1EAB6D3A258E658C009C2609 /* Extension.swift in Sources */,
				1E7B94EC258E0B450087FC44 /* UIUtil.swift in Sources */,
				1E7B951C258E0C860087FC44 /* PopularMovieModel.swift in Sources */,
				1EAB6D4D258E87F5009C2609 /* MovieDetailViewModel.swift in Sources */,
				1EAB6D5E258EA6ED009C2609 /* MovieCreditsModel.swift in Sources */,
				1EAB6D32258E39B3009C2609 /* Loading.swift in Sources */,
				1E7B94A6258E0A680087FC44 /* SceneDelegate.swift in Sources */,
				1EAB6D48258E879A009C2609 /* MovieDetailModel.swift in Sources */,
			);
			runOnlyForDeploymentPostprocessing = 0;
		};
		1E7B94B2258E0A6C0087FC44 /* Sources */ = {
			isa = PBXSourcesBuildPhase;
			buildActionMask = 2147483647;
			files = (
				1E7B94BB258E0A6C0087FC44 /* YemeksepetiMovieDBTests.swift in Sources */,
			);
			runOnlyForDeploymentPostprocessing = 0;
		};
		1E7B94BD258E0A6C0087FC44 /* Sources */ = {
			isa = PBXSourcesBuildPhase;
			buildActionMask = 2147483647;
			files = (
				1E7B94C6258E0A6C0087FC44 /* YemeksepetiMovieDBUITests.swift in Sources */,
			);
			runOnlyForDeploymentPostprocessing = 0;
		};
/* End PBXSourcesBuildPhase section */

/* Begin PBXTargetDependency section */
		1E7B94B8258E0A6C0087FC44 /* PBXTargetDependency */ = {
			isa = PBXTargetDependency;
			target = 1E7B949F258E0A680087FC44 /* YemeksepetiMovieDB */;
			targetProxy = 1E7B94B7258E0A6C0087FC44 /* PBXContainerItemProxy */;
		};
		1E7B94C3258E0A6C0087FC44 /* PBXTargetDependency */ = {
			isa = PBXTargetDependency;
			target = 1E7B949F258E0A680087FC44 /* YemeksepetiMovieDB */;
			targetProxy = 1E7B94C2258E0A6C0087FC44 /* PBXContainerItemProxy */;
		};
/* End PBXTargetDependency section */

/* Begin PBXVariantGroup section */
		1E7B94AE258E0A6C0087FC44 /* LaunchScreen.storyboard */ = {
			isa = PBXVariantGroup;
			children = (
				1E7B94AF258E0A6C0087FC44 /* Base */,
			);
			name = LaunchScreen.storyboard;
			sourceTree = "<group>";
		};
/* End PBXVariantGroup section */

/* Begin XCBuildConfiguration section */
		1E7B94C8258E0A6C0087FC44 /* Debug */ = {
			isa = XCBuildConfiguration;
			buildSettings = {
				ALWAYS_SEARCH_USER_PATHS = NO;
				CLANG_ANALYZER_NONNULL = YES;
				CLANG_ANALYZER_NUMBER_OBJECT_CONVERSION = YES_AGGRESSIVE;
				CLANG_CXX_LANGUAGE_STANDARD = "gnu++14";
				CLANG_CXX_LIBRARY = "libc++";
				CLANG_ENABLE_MODULES = YES;
				CLANG_ENABLE_OBJC_ARC = YES;
				CLANG_ENABLE_OBJC_WEAK = YES;
				CLANG_WARN_BLOCK_CAPTURE_AUTORELEASING = YES;
				CLANG_WARN_BOOL_CONVERSION = YES;
				CLANG_WARN_COMMA = YES;
				CLANG_WARN_CONSTANT_CONVERSION = YES;
				CLANG_WARN_DEPRECATED_OBJC_IMPLEMENTATIONS = YES;
				CLANG_WARN_DIRECT_OBJC_ISA_USAGE = YES_ERROR;
				CLANG_WARN_DOCUMENTATION_COMMENTS = YES;
				CLANG_WARN_EMPTY_BODY = YES;
				CLANG_WARN_ENUM_CONVERSION = YES;
				CLANG_WARN_INFINITE_RECURSION = YES;
				CLANG_WARN_INT_CONVERSION = YES;
				CLANG_WARN_NON_LITERAL_NULL_CONVERSION = YES;
				CLANG_WARN_OBJC_IMPLICIT_RETAIN_SELF = YES;
				CLANG_WARN_OBJC_LITERAL_CONVERSION = YES;
				CLANG_WARN_OBJC_ROOT_CLASS = YES_ERROR;
				CLANG_WARN_QUOTED_INCLUDE_IN_FRAMEWORK_HEADER = YES;
				CLANG_WARN_RANGE_LOOP_ANALYSIS = YES;
				CLANG_WARN_STRICT_PROTOTYPES = YES;
				CLANG_WARN_SUSPICIOUS_MOVE = YES;
				CLANG_WARN_UNGUARDED_AVAILABILITY = YES_AGGRESSIVE;
				CLANG_WARN_UNREACHABLE_CODE = YES;
				CLANG_WARN__DUPLICATE_METHOD_MATCH = YES;
				COPY_PHASE_STRIP = NO;
				DEBUG_INFORMATION_FORMAT = dwarf;
				ENABLE_STRICT_OBJC_MSGSEND = YES;
				ENABLE_TESTABILITY = YES;
				GCC_C_LANGUAGE_STANDARD = gnu11;
				GCC_DYNAMIC_NO_PIC = NO;
				GCC_NO_COMMON_BLOCKS = YES;
				GCC_OPTIMIZATION_LEVEL = 0;
				GCC_PREPROCESSOR_DEFINITIONS = (
					"DEBUG=1",
					"$(inherited)",
				);
				GCC_WARN_64_TO_32_BIT_CONVERSION = YES;
				GCC_WARN_ABOUT_RETURN_TYPE = YES_ERROR;
				GCC_WARN_UNDECLARED_SELECTOR = YES;
				GCC_WARN_UNINITIALIZED_AUTOS = YES_AGGRESSIVE;
				GCC_WARN_UNUSED_FUNCTION = YES;
				GCC_WARN_UNUSED_VARIABLE = YES;
				IPHONEOS_DEPLOYMENT_TARGET = 10.0;
				MTL_ENABLE_DEBUG_INFO = INCLUDE_SOURCE;
				MTL_FAST_MATH = YES;
				ONLY_ACTIVE_ARCH = YES;
				SDKROOT = iphoneos;
				SWIFT_ACTIVE_COMPILATION_CONDITIONS = DEBUG;
				SWIFT_OPTIMIZATION_LEVEL = "-Onone";
			};
			name = Debug;
		};
		1E7B94C9258E0A6C0087FC44 /* Release */ = {
			isa = XCBuildConfiguration;
			buildSettings = {
				ALWAYS_SEARCH_USER_PATHS = NO;
				CLANG_ANALYZER_NONNULL = YES;
				CLANG_ANALYZER_NUMBER_OBJECT_CONVERSION = YES_AGGRESSIVE;
				CLANG_CXX_LANGUAGE_STANDARD = "gnu++14";
				CLANG_CXX_LIBRARY = "libc++";
				CLANG_ENABLE_MODULES = YES;
				CLANG_ENABLE_OBJC_ARC = YES;
				CLANG_ENABLE_OBJC_WEAK = YES;
				CLANG_WARN_BLOCK_CAPTURE_AUTORELEASING = YES;
				CLANG_WARN_BOOL_CONVERSION = YES;
				CLANG_WARN_COMMA = YES;
				CLANG_WARN_CONSTANT_CONVERSION = YES;
				CLANG_WARN_DEPRECATED_OBJC_IMPLEMENTATIONS = YES;
				CLANG_WARN_DIRECT_OBJC_ISA_USAGE = YES_ERROR;
				CLANG_WARN_DOCUMENTATION_COMMENTS = YES;
				CLANG_WARN_EMPTY_BODY = YES;
				CLANG_WARN_ENUM_CONVERSION = YES;
				CLANG_WARN_INFINITE_RECURSION = YES;
				CLANG_WARN_INT_CONVERSION = YES;
				CLANG_WARN_NON_LITERAL_NULL_CONVERSION = YES;
				CLANG_WARN_OBJC_IMPLICIT_RETAIN_SELF = YES;
				CLANG_WARN_OBJC_LITERAL_CONVERSION = YES;
				CLANG_WARN_OBJC_ROOT_CLASS = YES_ERROR;
				CLANG_WARN_QUOTED_INCLUDE_IN_FRAMEWORK_HEADER = YES;
				CLANG_WARN_RANGE_LOOP_ANALYSIS = YES;
				CLANG_WARN_STRICT_PROTOTYPES = YES;
				CLANG_WARN_SUSPICIOUS_MOVE = YES;
				CLANG_WARN_UNGUARDED_AVAILABILITY = YES_AGGRESSIVE;
				CLANG_WARN_UNREACHABLE_CODE = YES;
				CLANG_WARN__DUPLICATE_METHOD_MATCH = YES;
				COPY_PHASE_STRIP = NO;
				DEBUG_INFORMATION_FORMAT = "dwarf-with-dsym";
				ENABLE_NS_ASSERTIONS = NO;
				ENABLE_STRICT_OBJC_MSGSEND = YES;
				GCC_C_LANGUAGE_STANDARD = gnu11;
				GCC_NO_COMMON_BLOCKS = YES;
				GCC_WARN_64_TO_32_BIT_CONVERSION = YES;
				GCC_WARN_ABOUT_RETURN_TYPE = YES_ERROR;
				GCC_WARN_UNDECLARED_SELECTOR = YES;
				GCC_WARN_UNINITIALIZED_AUTOS = YES_AGGRESSIVE;
				GCC_WARN_UNUSED_FUNCTION = YES;
				GCC_WARN_UNUSED_VARIABLE = YES;
				IPHONEOS_DEPLOYMENT_TARGET = 10.0;
				MTL_ENABLE_DEBUG_INFO = NO;
				MTL_FAST_MATH = YES;
				SDKROOT = iphoneos;
				SWIFT_COMPILATION_MODE = wholemodule;
				SWIFT_OPTIMIZATION_LEVEL = "-O";
				VALIDATE_PRODUCT = YES;
			};
			name = Release;
		};
		1E7B94CB258E0A6C0087FC44 /* Debug */ = {
			isa = XCBuildConfiguration;
			baseConfigurationReference = 640533545740C4A3DB386397 /* Pods-YemeksepetiMovieDB.debug.xcconfig */;
			buildSettings = {
				ASSETCATALOG_COMPILER_APPICON_NAME = AppIcon;
				ASSETCATALOG_COMPILER_GLOBAL_ACCENT_COLOR_NAME = AccentColor;
				CODE_SIGN_STYLE = Automatic;
				DEVELOPMENT_TEAM = R85RBRZ4TB;
				INFOPLIST_FILE = YemeksepetiMovieDB/Info.plist;
				LD_RUNPATH_SEARCH_PATHS = (
					"$(inherited)",
					"@executable_path/Frameworks",
				);
				PRODUCT_BUNDLE_IDENTIFIER = com.melisaozturk.YemeksepetiMovieDB;
				PRODUCT_NAME = "$(TARGET_NAME)";
				SWIFT_VERSION = 5.0;
				TARGETED_DEVICE_FAMILY = "1,2";
			};
			name = Debug;
		};
		1E7B94CC258E0A6C0087FC44 /* Release */ = {
			isa = XCBuildConfiguration;
			baseConfigurationReference = F98540C60098A697E0EF6BFB /* Pods-YemeksepetiMovieDB.release.xcconfig */;
			buildSettings = {
				ASSETCATALOG_COMPILER_APPICON_NAME = AppIcon;
				ASSETCATALOG_COMPILER_GLOBAL_ACCENT_COLOR_NAME = AccentColor;
				CODE_SIGN_STYLE = Automatic;
				DEVELOPMENT_TEAM = R85RBRZ4TB;
				INFOPLIST_FILE = YemeksepetiMovieDB/Info.plist;
				LD_RUNPATH_SEARCH_PATHS = (
					"$(inherited)",
					"@executable_path/Frameworks",
				);
				PRODUCT_BUNDLE_IDENTIFIER = com.melisaozturk.YemeksepetiMovieDB;
				PRODUCT_NAME = "$(TARGET_NAME)";
				SWIFT_VERSION = 5.0;
				TARGETED_DEVICE_FAMILY = "1,2";
			};
			name = Release;
		};
		1E7B94CE258E0A6C0087FC44 /* Debug */ = {
			isa = XCBuildConfiguration;
			baseConfigurationReference = 7342265DD9ECBE7A77C9153A /* Pods-YemeksepetiMovieDBTests.debug.xcconfig */;
			buildSettings = {
				ALWAYS_EMBED_SWIFT_STANDARD_LIBRARIES = YES;
				BUNDLE_LOADER = "$(TEST_HOST)";
				CODE_SIGN_STYLE = Automatic;
				DEVELOPMENT_TEAM = R85RBRZ4TB;
				INFOPLIST_FILE = YemeksepetiMovieDBTests/Info.plist;
				IPHONEOS_DEPLOYMENT_TARGET = 14.0;
				LD_RUNPATH_SEARCH_PATHS = (
					"$(inherited)",
					"@executable_path/Frameworks",
					"@loader_path/Frameworks",
				);
				PRODUCT_BUNDLE_IDENTIFIER = com.melisaozturk.YemeksepetiMovieDBTests;
				PRODUCT_NAME = "$(TARGET_NAME)";
				SWIFT_VERSION = 5.0;
				TARGETED_DEVICE_FAMILY = "1,2";
				TEST_HOST = "$(BUILT_PRODUCTS_DIR)/YemeksepetiMovieDB.app/YemeksepetiMovieDB";
			};
			name = Debug;
		};
		1E7B94CF258E0A6C0087FC44 /* Release */ = {
			isa = XCBuildConfiguration;
			baseConfigurationReference = 63E24AB84F3CB38D8071CB0F /* Pods-YemeksepetiMovieDBTests.release.xcconfig */;
			buildSettings = {
				ALWAYS_EMBED_SWIFT_STANDARD_LIBRARIES = YES;
				BUNDLE_LOADER = "$(TEST_HOST)";
				CODE_SIGN_STYLE = Automatic;
				DEVELOPMENT_TEAM = R85RBRZ4TB;
				INFOPLIST_FILE = YemeksepetiMovieDBTests/Info.plist;
				IPHONEOS_DEPLOYMENT_TARGET = 14.0;
				LD_RUNPATH_SEARCH_PATHS = (
					"$(inherited)",
					"@executable_path/Frameworks",
					"@loader_path/Frameworks",
				);
				PRODUCT_BUNDLE_IDENTIFIER = com.melisaozturk.YemeksepetiMovieDBTests;
				PRODUCT_NAME = "$(TARGET_NAME)";
				SWIFT_VERSION = 5.0;
				TARGETED_DEVICE_FAMILY = "1,2";
				TEST_HOST = "$(BUILT_PRODUCTS_DIR)/YemeksepetiMovieDB.app/YemeksepetiMovieDB";
			};
			name = Release;
		};
		1E7B94D1258E0A6C0087FC44 /* Debug */ = {
			isa = XCBuildConfiguration;
			baseConfigurationReference = BF30B2AAAB1470DBD7143016 /* Pods-YemeksepetiMovieDB-YemeksepetiMovieDBUITests.debug.xcconfig */;
			buildSettings = {
				ALWAYS_EMBED_SWIFT_STANDARD_LIBRARIES = YES;
				CODE_SIGN_STYLE = Automatic;
				DEVELOPMENT_TEAM = R85RBRZ4TB;
				INFOPLIST_FILE = YemeksepetiMovieDBUITests/Info.plist;
				LD_RUNPATH_SEARCH_PATHS = (
					"$(inherited)",
					"@executable_path/Frameworks",
					"@loader_path/Frameworks",
				);
				PRODUCT_BUNDLE_IDENTIFIER = com.melisaozturk.YemeksepetiMovieDBUITests;
				PRODUCT_NAME = "$(TARGET_NAME)";
				SWIFT_VERSION = 5.0;
				TARGETED_DEVICE_FAMILY = "1,2";
				TEST_TARGET_NAME = YemeksepetiMovieDB;
			};
			name = Debug;
		};
		1E7B94D2258E0A6C0087FC44 /* Release */ = {
			isa = XCBuildConfiguration;
			baseConfigurationReference = BDFA3A7F102367FA535F9623 /* Pods-YemeksepetiMovieDB-YemeksepetiMovieDBUITests.release.xcconfig */;
			buildSettings = {
				ALWAYS_EMBED_SWIFT_STANDARD_LIBRARIES = YES;
				CODE_SIGN_STYLE = Automatic;
				DEVELOPMENT_TEAM = R85RBRZ4TB;
				INFOPLIST_FILE = YemeksepetiMovieDBUITests/Info.plist;
				LD_RUNPATH_SEARCH_PATHS = (
					"$(inherited)",
					"@executable_path/Frameworks",
					"@loader_path/Frameworks",
				);
				PRODUCT_BUNDLE_IDENTIFIER = com.melisaozturk.YemeksepetiMovieDBUITests;
				PRODUCT_NAME = "$(TARGET_NAME)";
				SWIFT_VERSION = 5.0;
				TARGETED_DEVICE_FAMILY = "1,2";
				TEST_TARGET_NAME = YemeksepetiMovieDB;
			};
			name = Release;
		};
/* End XCBuildConfiguration section */

/* Begin XCConfigurationList section */
		1E7B949B258E0A680087FC44 /* Build configuration list for PBXProject "YemeksepetiMovieDB" */ = {
			isa = XCConfigurationList;
			buildConfigurations = (
				1E7B94C8258E0A6C0087FC44 /* Debug */,
				1E7B94C9258E0A6C0087FC44 /* Release */,
			);
			defaultConfigurationIsVisible = 0;
			defaultConfigurationName = Release;
		};
		1E7B94CA258E0A6C0087FC44 /* Build configuration list for PBXNativeTarget "YemeksepetiMovieDB" */ = {
			isa = XCConfigurationList;
			buildConfigurations = (
				1E7B94CB258E0A6C0087FC44 /* Debug */,
				1E7B94CC258E0A6C0087FC44 /* Release */,
			);
			defaultConfigurationIsVisible = 0;
			defaultConfigurationName = Release;
		};
		1E7B94CD258E0A6C0087FC44 /* Build configuration list for PBXNativeTarget "YemeksepetiMovieDBTests" */ = {
			isa = XCConfigurationList;
			buildConfigurations = (
				1E7B94CE258E0A6C0087FC44 /* Debug */,
				1E7B94CF258E0A6C0087FC44 /* Release */,
			);
			defaultConfigurationIsVisible = 0;
			defaultConfigurationName = Release;
		};
		1E7B94D0258E0A6C0087FC44 /* Build configuration list for PBXNativeTarget "YemeksepetiMovieDBUITests" */ = {
			isa = XCConfigurationList;
			buildConfigurations = (
				1E7B94D1258E0A6C0087FC44 /* Debug */,
				1E7B94D2258E0A6C0087FC44 /* Release */,
			);
			defaultConfigurationIsVisible = 0;
			defaultConfigurationName = Release;
		};
/* End XCConfigurationList section */
	};
	rootObject = 1E7B9498258E0A680087FC44 /* Project object */;
}
